
Microsoft Visual Studio Solution File, Format Version 12.00
# Visual Studio 14
VisualStudioVersion = 14.0.24720.0
MinimumVisualStudioVersion = 10.0.40219.1
Project("{FAE04EC0-301F-11D3-BF4B-00C04F79EFBC}") = "Lib", "Lib\Lib.csproj", "{F2FC4353-7C5F-42CE-9530-4EF2A0436C31}"
EndProject
Project("{F2A71F9B-5D33-465A-A702-920D77279786}") = "EntryPointFS", "EntryPointFS\EntryPointFS.fsproj", "{F1308851-9AD6-434A-A36B-3F39D32DCDB9}"
EndProject
Project("{FAE04EC0-301F-11D3-BF4B-00C04F79EFBC}") = "EntryPointCS", "EntryPointCS\EntryPointCS.csproj", "{6EBDC282-862E-4DF2-9732-4826ACF1952F}"
EndProject
Global
	GlobalSection(SolutionConfigurationPlatforms) = preSolution
		Debug|Any CPU = Debug|Any CPU
		Release|Any CPU = Release|Any CPU
	EndGlobalSection
	GlobalSection(ProjectConfigurationPlatforms) = postSolution
		{F2FC4353-7C5F-42CE-9530-4EF2A0436C31}.Debug|Any CPU.ActiveCfg = Debug|Any CPU
		{F2FC4353-7C5F-42CE-9530-4EF2A0436C31}.Debug|Any CPU.Build.0 = Debug|Any CPU
		{F2FC4353-7C5F-42CE-9530-4EF2A0436C31}.Release|Any CPU.ActiveCfg = Release|Any CPU
		{F2FC4353-7C5F-42CE-9530-4EF2A0436C31}.Release|Any CPU.Build.0 = Release|Any CPU
		{F1308851-9AD6-434A-A36B-3F39D32DCDB9}.Debug|Any CPU.ActiveCfg = Debug|Any CPU
		{F1308851-9AD6-434A-A36B-3F39D32DCDB9}.Debug|Any CPU.Build.0 = Debug|Any CPU
		{F1308851-9AD6-434A-A36B-3F39D32DCDB9}.Release|Any CPU.ActiveCfg = Release|Any CPU
		{F1308851-9AD6-434A-A36B-3F39D32DCDB9}.Release|Any CPU.Build.0 = Release|Any CPU
		{6EBDC282-862E-4DF2-9732-4826ACF1952F}.Debug|Any CPU.ActiveCfg = Debug|Any CPU
		{6EBDC282-862E-4DF2-9732-4826ACF1952F}.Debug|Any CPU.Build.0 = Debug|Any CPU
		{6EBDC282-862E-4DF2-9732-4826ACF1952F}.Release|Any CPU.ActiveCfg = Release|Any CPU
		{6EBDC282-862E-4DF2-9732-4826ACF1952F}.Release|Any CPU.Build.0 = Release|Any CPU
	EndGlobalSection
	GlobalSection(SolutionProperties) = preSolution
		HideSolutionNode = FALSE
	EndGlobalSection
EndGlobal
